
Microsoft Visual Studio Solution File, Format Version 12.00
# Visual Studio Version 16
VisualStudioVersion = 16.0.31424.327
MinimumVisualStudioVersion = 10.0.40219.1
Project("{9A19103F-16F7-4668-BE54-9A1E7A4F7556}") = "Primeiro", "Primeiro\Primeiro.csproj", "{0B1CC75E-699E-439F-AE74-BA0FA9AA2DCE}"
EndProject
Project("{FAE04EC0-301F-11D3-BF4B-00C04F79EFBC}") = "PrimeiroTests", "PrimeiroTests\PrimeiroTests.csproj", "{DE86064E-345A-4E9D-A7B8-CA5E6C0AA13F}"
EndProject
Global
	GlobalSection(SolutionConfigurationPlatforms) = preSolution
		Debug|Any CPU = Debug|Any CPU
		Release|Any CPU = Release|Any CPU
	EndGlobalSection
	GlobalSection(ProjectConfigurationPlatforms) = postSolution
		{0B1CC75E-699E-439F-AE74-BA0FA9AA2DCE}.Debug|Any CPU.ActiveCfg = Debug|Any CPU
		{0B1CC75E-699E-439F-AE74-BA0FA9AA2DCE}.Debug|Any CPU.Build.0 = Debug|Any CPU
		{0B1CC75E-699E-439F-AE74-BA0FA9AA2DCE}.Release|Any CPU.ActiveCfg = Release|Any CPU
		{0B1CC75E-699E-439F-AE74-BA0FA9AA2DCE}.Release|Any CPU.Build.0 = Release|Any CPU
		{DE86064E-345A-4E9D-A7B8-CA5E6C0AA13F}.Debug|Any CPU.ActiveCfg = Debug|Any CPU
		{DE86064E-345A-4E9D-A7B8-CA5E6C0AA13F}.Debug|Any CPU.Build.0 = Debug|Any CPU
		{DE86064E-345A-4E9D-A7B8-CA5E6C0AA13F}.Release|Any CPU.ActiveCfg = Release|Any CPU
		{DE86064E-345A-4E9D-A7B8-CA5E6C0AA13F}.Release|Any CPU.Build.0 = Release|Any CPU
	EndGlobalSection
	GlobalSection(SolutionProperties) = preSolution
		HideSolutionNode = FALSE
	EndGlobalSection
	GlobalSection(ExtensibilityGlobals) = postSolution
		SolutionGuid = {75636412-E350-413C-9DF8-59CFD84EC95C}
	EndGlobalSection
EndGlobal
